
Microsoft Visual Studio Solution File, Format Version 12.00
# Visual Studio 15
VisualStudioVersion = 15.0.28307.1000
MinimumVisualStudioVersion = 10.0.40219.1
Project("{FAE04EC0-301F-11D3-BF4B-00C04F79EFBC}") = "BasduvarMakina", "BasduvarMakina\BasduvarMakina.csproj", "{B9147307-D939-4874-B140-189E8947D8D6}"
EndProject
Global
	GlobalSection(SolutionConfigurationPlatforms) = preSolution
		Debug|Any CPU = Debug|Any CPU
		Release|Any CPU = Release|Any CPU
	EndGlobalSection
	GlobalSection(ProjectConfigurationPlatforms) = postSolution
		{B9147307-D939-4874-B140-189E8947D8D6}.Debug|Any CPU.ActiveCfg = Debug|Any CPU
		{B9147307-D939-4874-B140-189E8947D8D6}.Debug|Any CPU.Build.0 = Debug|Any CPU
		{B9147307-D939-4874-B140-189E8947D8D6}.Release|Any CPU.ActiveCfg = Release|Any CPU
		{B9147307-D939-4874-B140-189E8947D8D6}.Release|Any CPU.Build.0 = Release|Any CPU
	EndGlobalSection
	GlobalSection(SolutionProperties) = preSolution
		HideSolutionNode = FALSE
	EndGlobalSection
	GlobalSection(ExtensibilityGlobals) = postSolution
		SolutionGuid = {DB65BC46-D192-4A2E-A8E4-23E9B8F6CBD4}
	EndGlobalSection
EndGlobal
